<?xml version="1.0" encoding="UTF-8"?>
<CONFIG>
  <ProjectOptions>
    <Version Value="12"/>
    <General>
      <SessionStorage Value="InProjectDir"/>
      <Title Value="SPINA Carb"/>
      <Scaled Value="True"/>
      <ResourceType Value="res"/>
      <UseXPManifest Value="True"/>
      <XPManifest>
        <DpiAware Value="True"/>
        <TextName Value="net.sf.spina.carb"/>
        <TextDesc Value="SPINA Carb calculates constant structure parameters of insulin-glucose homeostasis"/>
      </XPManifest>
      <Icon Value="0"/>
    </General>
    <VersionInfo>
      <UseVersionInfo Value="True"/>
      <AutoIncrementBuild Value="True"/>
      <MajorVersionNr Value="5"/>
      <MinorVersionNr Value="1"/>
      <BuildNr Value="169"/>
      <Language Value="0809"/>
      <Attributes pvaDebug="True" pvaPreRelease="True"/>
      <StringTable CompanyName="SPINA project, Formatio Reticularis and Ruhr University of Bochum" FileDescription="SPINA Carb" InternalName="SPINA Carb 5.1.0 Cyclone" LegalCopyright="© 1994-2025 J. W. Dietrich" OriginalFilename="SPINA Carb" ProductName="SPINA Carb" ProductVersion="5.1.0 Cyclone"/>
    </VersionInfo>
    <BuildModes>
      <Item Name="Default" Default="True"/>
      <Item Name="macOS">
        <CompilerOptions>
          <Version Value="11"/>
          <Target>
            <Filename Value="SPINA_Carb"/>
          </Target>
          <SearchPaths>
            <IncludeFiles Value="$(ProjOutDir)"/>
            <UnitOutputDirectory Value="lib/$(TargetCPU)-$(TargetOS)"/>
          </SearchPaths>
          <Linking>
            <Debugging>
              <DebugInfoType Value="dsDwarf3"/>
            </Debugging>
            <Options>
              <Win32>
                <GraphicApplication Value="True"/>
              </Win32>
            </Options>
          </Linking>
          <Other>
            <CustomOptions Value="-WM10.14"/>
          </Other>
        </CompilerOptions>
      </Item>
    </BuildModes>
    <PublishOptions>
      <Version Value="2"/>
      <UseFileFilters Value="True"/>
    </PublishOptions>
    <RunParams>
      <FormatVersion Value="2"/>
    </RunParams>
    <RequiredPackages>
      <Item>
        <PackageName Value="Printer4Lazarus"/>
      </Item>
      <Item>
        <PackageName Value="printers4lazide"/>
      </Item>
      <Item>
        <PackageName Value="LCL"/>
      </Item>
    </RequiredPackages>
    <Units>
      <Unit>
        <Filename Value="SPINA_Carb.lpr"/>
        <IsPartOfProject Value="True"/>
      </Unit>
      <Unit>
        <Filename Value="gui.pas"/>
        <IsPartOfProject Value="True"/>
        <ComponentName Value="Hauptschirm"/>
        <HasResources Value="True"/>
        <ResourceBaseClass Value="Form"/>
        <UnitName Value="GUI"/>
      </Unit>
      <Unit>
        <Filename Value="SPINA_Engine.pas"/>
        <IsPartOfProject Value="True"/>
      </Unit>
      <Unit>
        <Filename Value="unitconverter.pas"/>
        <IsPartOfProject Value="True"/>
        <UnitName Value="UnitConverter"/>
      </Unit>
      <Unit>
        <Filename Value="CaseBroker.pas"/>
        <IsPartOfProject Value="True"/>
      </Unit>
      <Unit>
        <Filename Value="resultwindow.pas"/>
        <IsPartOfProject Value="True"/>
        <ComponentName Value="ResultForm"/>
        <HasResources Value="True"/>
        <ResourceBaseClass Value="Form"/>
        <UnitName Value="ResultWindow"/>
      </Unit>
      <Unit>
        <Filename Value="spinatypes.pas"/>
        <IsPartOfProject Value="True"/>
        <UnitName Value="SPINATypes"/>
      </Unit>
      <Unit>
        <Filename Value="spina_guiservices.pas"/>
        <IsPartOfProject Value="True"/>
        <UnitName Value="SPINA_GUIServices"/>
      </Unit>
      <Unit>
        <Filename Value="environmentinfo.pas"/>
        <IsPartOfProject Value="True"/>
        <UnitName Value="EnvironmentInfo"/>
      </Unit>
      <Unit>
        <Filename Value="printcase.pas"/>
        <IsPartOfProject Value="True"/>
        <UnitName Value="PrintCase"/>
      </Unit>
      <Unit>
        <Filename Value="spina_aboutbox.pas"/>
        <IsPartOfProject Value="True"/>
        <ComponentName Value="AboutBox"/>
        <HasResources Value="True"/>
        <ResourceBaseClass Value="Form"/>
        <UnitName Value="SPINA_Aboutbox"/>
      </Unit>
      <Unit>
        <Filename Value="handlepreferences.pas"/>
        <IsPartOfProject Value="True"/>
        <UnitName Value="HandlePreferences"/>
      </Unit>
      <Unit>
        <Filename Value="setpreferences.pas"/>
        <IsPartOfProject Value="True"/>
        <ComponentName Value="PreferencesForm"/>
        <HasResources Value="True"/>
        <ResourceBaseClass Value="Form"/>
        <UnitName Value="Setpreferences"/>
      </Unit>
      <Unit>
        <Filename Value="HandleCDISC.pas"/>
        <IsPartOfProject Value="True"/>
      </Unit>
      <Unit>
        <Filename Value="Barcode.pas"/>
        <IsPartOfProject Value="True"/>
      </Unit>
      <Unit>
        <Filename Value="spina_resources.pas"/>
        <IsPartOfProject Value="True"/>
        <UnitName Value="SPINA_Resources"/>
      </Unit>
      <Unit>
        <Filename Value="handleimpex.pas"/>
        <IsPartOfProject Value="True"/>
        <UnitName Value="HandleImpEx"/>
      </Unit>
      <Unit>
        <Filename Value="err.pas"/>
        <IsPartOfProject Value="True"/>
        <UnitName Value="ERR"/>
      </Unit>
      <Unit>
        <Filename Value="evn.pas"/>
        <IsPartOfProject Value="True"/>
        <UnitName Value="EVN"/>
      </Unit>
      <Unit>
        <Filename Value="hl7.pas"/>
        <IsPartOfProject Value="True"/>
        <UnitName Value="HL7"/>
      </Unit>
      <Unit>
        <Filename Value="mllp.pas"/>
        <IsPartOfProject Value="True"/>
        <UnitName Value="MLLP"/>
      </Unit>
      <Unit>
        <Filename Value="msa.pas"/>
        <IsPartOfProject Value="True"/>
        <UnitName Value="MSA"/>
      </Unit>
      <Unit>
        <Filename Value="msh.pas"/>
        <IsPartOfProject Value="True"/>
        <UnitName Value="MSH"/>
      </Unit>
      <Unit>
        <Filename Value="nk1.pas"/>
        <IsPartOfProject Value="True"/>
        <UnitName Value="NK1"/>
      </Unit>
      <Unit>
        <Filename Value="nte.pas"/>
        <IsPartOfProject Value="True"/>
        <UnitName Value="NTE"/>
      </Unit>
      <Unit>
        <Filename Value="obr.pas"/>
        <IsPartOfProject Value="True"/>
        <UnitName Value="OBR"/>
      </Unit>
      <Unit>
        <Filename Value="obx.pas"/>
        <IsPartOfProject Value="True"/>
        <UnitName Value="OBX"/>
      </Unit>
      <Unit>
        <Filename Value="pid.pas"/>
        <IsPartOfProject Value="True"/>
        <UnitName Value="PID"/>
      </Unit>
      <Unit>
        <Filename Value="pv1.pas"/>
        <IsPartOfProject Value="True"/>
        <UnitName Value="PV1"/>
      </Unit>
      <Unit>
        <Filename Value="pv2.pas"/>
        <IsPartOfProject Value="True"/>
        <UnitName Value="PV2"/>
      </Unit>
      <Unit>
        <Filename Value="spm.pas"/>
        <IsPartOfProject Value="True"/>
        <UnitName Value="SPM"/>
      </Unit>
      <Unit>
        <Filename Value="localeservices.pas"/>
        <IsPartOfProject Value="True"/>
        <UnitName Value="LocaleServices"/>
      </Unit>
    </Units>
  </ProjectOptions>
  <CompilerOptions>
    <Version Value="11"/>
    <Target>
      <Filename Value="SPINA_Carb"/>
    </Target>
    <SearchPaths>
      <IncludeFiles Value="$(ProjOutDir)"/>
      <UnitOutputDirectory Value="lib/$(TargetCPU)-$(TargetOS)"/>
    </SearchPaths>
    <Linking>
      <Debugging>
        <DebugInfoType Value="dsDwarf3"/>
      </Debugging>
      <Options>
        <Win32>
          <GraphicApplication Value="True"/>
        </Win32>
      </Options>
    </Linking>
  </CompilerOptions>
  <Debugging>
    <Exceptions>
      <Item>
        <Name Value="EAbort"/>
      </Item>
      <Item>
        <Name Value="ECodetoolError"/>
      </Item>
      <Item>
        <Name Value="EFOpenError"/>
      </Item>
    </Exceptions>
  </Debugging>
</CONFIG>
