<?xml version="1.0"?>
<CONFIG>
  <ProjectOptions>
    <Version Value="9"/>
    <General>
      <SessionStorage Value="InProjectDir"/>
      <MainUnit Value="0"/>
      <Title Value="EngineUnitTests"/>
      <ResourceType Value="res"/>
      <UseXPManifest Value="True"/>
      <Icon Value="0"/>
    </General>
    <i18n>
      <EnableI18N LFM="False"/>
    </i18n>
    <VersionInfo>
      <UseVersionInfo Value="True"/>
      <AutoIncrementBuild Value="True"/>
      <MajorVersionNr Value="3"/>
      <MinorVersionNr Value="3"/>
      <RevisionNr Value="1"/>
      <BuildNr Value="12"/>
      <StringTable ProductName="SPINA Thyr Engine Unit Tests" ProductVersion=""/>
    </VersionInfo>
    <BuildModes Count="1">
      <Item1 Name="Default" Default="True"/>
    </BuildModes>
    <PublishOptions>
      <Version Value="2"/>
      <IncludeFileFilter Value="*.(pas|pp|inc|lfm|lpr|lrs|lpi|lpk|sh|xml)"/>
      <ExcludeFileFilter Value="*.(bak|ppu|o|so);*~;backup"/>
    </PublishOptions>
    <RunParams>
      <local>
        <FormatVersion Value="1"/>
      </local>
    </RunParams>
    <RequiredPackages Count="3">
      <Item1>
        <PackageName Value="FPCUnitTestRunner"/>
      </Item1>
      <Item2>
        <PackageName Value="LCL"/>
      </Item2>
      <Item3>
        <PackageName Value="FCL"/>
      </Item3>
    </RequiredPackages>
    <Units Count="5">
      <Unit0>
        <Filename Value="EngineUnitTests.lpr"/>
        <IsPartOfProject Value="True"/>
        <UnitName Value="EngineUnitTests"/>
      </Unit0>
      <Unit1>
        <Filename Value="engine_testcase.pas"/>
        <IsPartOfProject Value="True"/>
        <UnitName Value="engine_testcase"/>
      </Unit1>
      <Unit2>
        <Filename Value="spina_engine.pas"/>
        <IsPartOfProject Value="True"/>
        <UnitName Value="SPINA_Engine"/>
      </Unit2>
      <Unit3>
        <Filename Value="spina_types.pas"/>
        <IsPartOfProject Value="True"/>
        <UnitName Value="SPINA_Types"/>
      </Unit3>
      <Unit4>
        <Filename Value="measurementparser.pas"/>
        <IsPartOfProject Value="True"/>
        <UnitName Value="MeasurementParser"/>
      </Unit4>
    </Units>
  </ProjectOptions>
  <CompilerOptions>
    <Version Value="11"/>
    <SearchPaths>
      <IncludeFiles Value="$(ProjOutDir)"/>
    </SearchPaths>
    <Other>
      <CompilerMessages>
        <MsgFileName Value=""/>
      </CompilerMessages>
      <CompilerPath Value="$(CompPath)"/>
    </Other>
  </CompilerOptions>
  <Debugging>
    <Exceptions Count="3">
      <Item1>
        <Name Value="EAbort"/>
      </Item1>
      <Item2>
        <Name Value="ECodetoolError"/>
      </Item2>
      <Item3>
        <Name Value="EFOpenError"/>
      </Item3>
    </Exceptions>
  </Debugging>
</CONFIG>
