<?xml version="1.0"?>
<CONFIG>
  <ProjectOptions>
    <Version Value="9"/>
    <PathDelim Value="\"/>
    <General>
      <Flags>
        <LRSInOutputDirectory Value="False"/>
      </Flags>
      <MainUnit Value="0"/>
      <Title Value="SPINA Thyr"/>
      <Icon Value="0"/>
      <ActiveWindowIndexAtStart Value="0"/>
    </General>
    <VersionInfo>
      <UseVersionInfo Value="True"/>
      <AutoIncrementBuild Value="True"/>
      <MajorVersionNr Value="3"/>
      <MinorVersionNr Value="3"/>
      <BuildNr Value="246"/>
      <StringTable CompanyName="SPINA project, Formatio Reticularis and Ruhr University of Bochum" FileDescription="SPINA Thyr" InternalName="SPINA Thyr" LegalCopyright="J. W. Dietrich" OriginalFilename="SPINA Thyr" ProductName="SPINA Thyr" ProductVersion="3.3.0"/>
    </VersionInfo>
    <BuildModes Count="1">
      <Item1 Name="default" Default="True"/>
    </BuildModes>
    <PublishOptions>
      <Version Value="2"/>
      <IgnoreBinaries Value="False"/>
      <IncludeFileFilter Value="*.(pas|pp|inc|lfm|lpr|lrs|lpi|lpk|sh|xml)"/>
      <ExcludeFileFilter Value="*.(bak|ppu|ppw|o|so);*~;backup"/>
    </PublishOptions>
    <RunParams>
      <local>
        <FormatVersion Value="1"/>
        <LaunchingApplication PathPlusParams="\usr\X11R6\bin\xterm -T 'Lazarus Run Output' -e $(LazarusDir)\tools\runwait.sh $(TargetCmdLine)"/>
      </local>
    </RunParams>
    <RequiredPackages Count="2">
      <Item1>
        <PackageName Value="Printer4Lazarus"/>
        <MinVersion Minor="5" Valid="True"/>
      </Item1>
      <Item2>
        <PackageName Value="LCL"/>
      </Item2>
    </RequiredPackages>
    <Units Count="37">
      <Unit0>
        <Filename Value="spina_thyr.lpr"/>
        <IsPartOfProject Value="True"/>
        <UnitName Value="spina_thyr"/>
        <EditorIndex Value="10"/>
        <WindowIndex Value="0"/>
        <TopLine Value="30"/>
        <CursorPos X="3" Y="41"/>
        <UsageCount Value="164"/>
        <Loaded Value="True"/>
        <LoadedDesigner Value="True"/>
      </Unit0>
      <Unit1>
        <Filename Value="spina_userinterface.pas"/>
        <IsPartOfProject Value="True"/>
        <ComponentName Value="Hauptschirm"/>
        <HasResources Value="True"/>
        <ResourceBaseClass Value="Form"/>
        <UnitName Value="SPINA_UserInterface"/>
        <EditorIndex Value="8"/>
        <WindowIndex Value="0"/>
        <TopLine Value="864"/>
        <CursorPos X="64" Y="683"/>
        <UsageCount Value="164"/>
        <Loaded Value="True"/>
        <LoadedDesigner Value="True"/>
      </Unit1>
      <Unit2>
        <Filename Value="C:\lazarus\lcl\include\control.inc"/>
        <TopLine Value="2486"/>
        <CursorPos X="1" Y="2507"/>
        <UsageCount Value="12"/>
      </Unit2>
      <Unit3>
        <Filename Value="C:\lazarus\lcl\include\wincontrol.inc"/>
        <TopLine Value="7150"/>
        <CursorPos X="1" Y="7171"/>
        <UsageCount Value="12"/>
      </Unit3>
      <Unit4>
        <Filename Value="C:\lazarus\lcl\include\buttons.inc"/>
        <TopLine Value="293"/>
        <CursorPos X="1" Y="329"/>
        <UsageCount Value="12"/>
      </Unit4>
      <Unit5>
        <Filename Value="C:\lazarus\lcl\include\menuitem.inc"/>
        <TopLine Value="394"/>
        <CursorPos X="1" Y="415"/>
        <UsageCount Value="12"/>
      </Unit5>
      <Unit6>
        <Filename Value="unit1.lfm"/>
        <TopLine Value="1"/>
        <CursorPos X="1" Y="1"/>
        <UsageCount Value="21"/>
        <DefaultSyntaxHighlighter Value="LFM"/>
      </Unit6>
      <Unit7>
        <Filename Value="C:\lazarus\lcl\menus.pp"/>
        <UnitName Value="Menus"/>
        <TopLine Value="506"/>
        <CursorPos X="52" Y="519"/>
        <UsageCount Value="12"/>
      </Unit7>
      <Unit8>
        <Filename Value="C:\lazarus\fpc\2.2.2\source\rtl\objpas\classes\classesh.inc"/>
        <TopLine Value="85"/>
        <CursorPos X="5" Y="106"/>
        <UsageCount Value="11"/>
      </Unit8>
      <Unit9>
        <Filename Value="spina_splashscreen.pas"/>
        <IsPartOfProject Value="True"/>
        <ComponentName Value="SplashScreen"/>
        <HasResources Value="True"/>
        <ResourceBaseClass Value="Form"/>
        <UnitName Value="SPINA_SplashScreen"/>
        <EditorIndex Value="4"/>
        <WindowIndex Value="0"/>
        <TopLine Value="1"/>
        <CursorPos X="4" Y="2"/>
        <UsageCount Value="131"/>
        <Loaded Value="True"/>
        <LoadedDesigner Value="True"/>
      </Unit9>
      <Unit10>
        <Filename Value="C:\lazarus\lcl\interfaces\win32\win32wscontrols.pp"/>
        <UnitName Value="Win32WSControls"/>
        <TopLine Value="212"/>
        <CursorPos X="1" Y="233"/>
        <UsageCount Value="10"/>
      </Unit10>
      <Unit11>
        <Filename Value="C:\lazarus\lcl\include\customform.inc"/>
        <WindowIndex Value="0"/>
        <TopLine Value="2823"/>
        <CursorPos X="1" Y="2838"/>
        <UsageCount Value="11"/>
      </Unit11>
      <Unit12>
        <Filename Value="spina_aboutbox.pas"/>
        <IsPartOfProject Value="True"/>
        <ComponentName Value="AboutBox"/>
        <HasResources Value="True"/>
        <ResourceBaseClass Value="Form"/>
        <UnitName Value="SPINA_AboutBox"/>
        <EditorIndex Value="6"/>
        <WindowIndex Value="0"/>
        <TopLine Value="1"/>
        <CursorPos X="1" Y="1"/>
        <UsageCount Value="129"/>
        <Loaded Value="True"/>
        <LoadedDesigner Value="True"/>
      </Unit12>
      <Unit13>
        <Filename Value="spina_resultdialog.pas"/>
        <IsPartOfProject Value="True"/>
        <ComponentName Value="ResultForm"/>
        <HasResources Value="True"/>
        <ResourceBaseClass Value="Form"/>
        <UnitName Value="SPINA_ResultDialog"/>
        <EditorIndex Value="7"/>
        <WindowIndex Value="0"/>
        <TopLine Value="43"/>
        <CursorPos X="21" Y="55"/>
        <UsageCount Value="126"/>
        <Loaded Value="True"/>
        <LoadedDesigner Value="True"/>
      </Unit13>
      <Unit14>
        <Filename Value="C:\Developer\lazarus\components\printers\carbon\carbonprndialogs.inc"/>
        <TopLine Value="23"/>
        <CursorPos X="41" Y="38"/>
        <UsageCount Value="11"/>
      </Unit14>
      <Unit15>
        <Filename Value="C:\Developer\lazarus\lcl\include\canvas.inc"/>
        <TopLine Value="1524"/>
        <CursorPos X="1" Y="1538"/>
        <UsageCount Value="10"/>
      </Unit15>
      <Unit16>
        <Filename Value="C:\Developer\lazarus\lcl\printers.pas"/>
        <UnitName Value="Printers"/>
        <TopLine Value="421"/>
        <CursorPos X="1" Y="435"/>
        <UsageCount Value="10"/>
      </Unit16>
      <Unit17>
        <Filename Value="C:\lazarus\lcl\printers.pas"/>
        <UnitName Value="Printers"/>
        <TopLine Value="1"/>
        <CursorPos X="1" Y="424"/>
        <UsageCount Value="12"/>
      </Unit17>
      <Unit18>
        <Filename Value="spina_engine.pas"/>
        <IsPartOfProject Value="True"/>
        <UnitName Value="SPINA_Engine"/>
        <EditorIndex Value="5"/>
        <WindowIndex Value="0"/>
        <TopLine Value="1"/>
        <CursorPos X="85" Y="23"/>
        <UsageCount Value="93"/>
        <Loaded Value="True"/>
      </Unit18>
      <Unit19>
        <Filename Value="C:\usr\local\share\fpcsrc\packages\univint\src\cssmkrapi.pas"/>
        <UnitName Value="cssmkrapi"/>
        <WindowIndex Value="0"/>
        <TopLine Value="315"/>
        <CursorPos X="120" Y="337"/>
        <UsageCount Value="10"/>
      </Unit19>
      <Unit20>
        <Filename Value="C:\Developer\lazarus\lcl\lcltype.pp"/>
        <UnitName Value="LCLType"/>
        <WindowIndex Value="0"/>
        <TopLine Value="2894"/>
        <CursorPos X="1" Y="2911"/>
        <UsageCount Value="10"/>
      </Unit20>
      <Unit21>
        <Filename Value="C:\Developer\lazarus\lcl\include\customform.inc"/>
        <WindowIndex Value="0"/>
        <TopLine Value="2821"/>
        <CursorPos X="1" Y="2838"/>
        <UsageCount Value="10"/>
      </Unit21>
      <Unit22>
        <Filename Value="C:\Developer\lazarus\lcl\include\application.inc"/>
        <WindowIndex Value="0"/>
        <TopLine Value="2071"/>
        <CursorPos X="1" Y="2088"/>
        <UsageCount Value="10"/>
      </Unit22>
      <Unit23>
        <Filename Value="spina_types.pas"/>
        <IsPartOfProject Value="True"/>
        <UnitName Value="SPINA_Types"/>
        <EditorIndex Value="0"/>
        <WindowIndex Value="0"/>
        <TopLine Value="125"/>
        <CursorPos X="41" Y="79"/>
        <UsageCount Value="80"/>
        <Loaded Value="True"/>
      </Unit23>
      <Unit24>
        <Filename Value="versionsupport.pas"/>
        <UnitName Value="VersionSupport"/>
        <EditorIndex Value="3"/>
        <WindowIndex Value="0"/>
        <TopLine Value="2"/>
        <CursorPos X="10" Y="38"/>
        <UsageCount Value="33"/>
        <Loaded Value="True"/>
      </Unit24>
      <Unit25>
        <Filename Value="C:\Developer\lazarus\lcl\include\control.inc"/>
        <WindowIndex Value="0"/>
        <TopLine Value="4155"/>
        <CursorPos X="1" Y="4172"/>
        <UsageCount Value="10"/>
      </Unit25>
      <Unit26>
        <Filename Value="handlepreferences.pas"/>
        <UnitName Value="HandlePreferences"/>
        <EditorIndex Value="1"/>
        <WindowIndex Value="0"/>
        <TopLine Value="244"/>
        <CursorPos X="26" Y="246"/>
        <UsageCount Value="33"/>
        <Loaded Value="True"/>
      </Unit26>
      <Unit27>
        <Filename Value="C:\Endokrinologie\SD\TFC\SimThyr\code\trunk\simoptions.lfm"/>
        <WindowIndex Value="0"/>
        <TopLine Value="1"/>
        <CursorPos X="1" Y="1"/>
        <UsageCount Value="10"/>
        <DefaultSyntaxHighlighter Value="LFM"/>
      </Unit27>
      <Unit28>
        <Filename Value="C:\lazarus\lcl\lclclasses.pp"/>
        <UnitName Value="LCLClasses"/>
        <WindowIndex Value="0"/>
        <TopLine Value="17"/>
        <CursorPos X="26" Y="36"/>
        <UsageCount Value="10"/>
      </Unit28>
      <Unit29>
        <Filename Value="spina_toolbar.pas"/>
        <IsPartOfProject Value="True"/>
        <ComponentName Value="SPINAToolbar"/>
        <HasResources Value="True"/>
        <ResourceBaseClass Value="Form"/>
        <UnitName Value="spina_toolbar"/>
        <IsVisibleTab Value="True"/>
        <EditorIndex Value="9"/>
        <WindowIndex Value="0"/>
        <TopLine Value="109"/>
        <CursorPos X="34" Y="124"/>
        <UsageCount Value="72"/>
        <Loaded Value="True"/>
        <LoadedDesigner Value="True"/>
      </Unit29>
      <Unit30>
        <Filename Value="C:\lazarus\lcl\include\application.inc"/>
        <WindowIndex Value="0"/>
        <TopLine Value="2073"/>
        <CursorPos X="1" Y="2088"/>
        <UsageCount Value="10"/>
      </Unit30>
      <Unit31>
        <Filename Value="C:\usr\local\share\fpcsrc\packages\fcl-xml\src\xmlread.pp"/>
        <UnitName Value="XMLRead"/>
        <WindowIndex Value="0"/>
        <TopLine Value="29"/>
        <CursorPos X="11" Y="44"/>
        <UsageCount Value="10"/>
      </Unit31>
      <Unit32>
        <Filename Value="C:\usr\local\share\fpcsrc\packages\fcl-xml\src\dom.pp"/>
        <UnitName Value="DOM"/>
        <WindowIndex Value="0"/>
        <TopLine Value="875"/>
        <CursorPos X="27" Y="1019"/>
        <UsageCount Value="10"/>
      </Unit32>
      <Unit33>
        <Filename Value="spina_userinterface.lrs"/>
        <WindowIndex Value="0"/>
        <TopLine Value="3120"/>
        <CursorPos X="1" Y="3154"/>
        <UsageCount Value="11"/>
      </Unit33>
      <Unit34>
        <Filename Value="C:\usr\local\share\fpcsrc\packages\univint\src\fp.pas"/>
        <UnitName Value="fp"/>
        <WindowIndex Value="0"/>
        <TopLine Value="1"/>
        <CursorPos X="10" Y="890"/>
        <UsageCount Value="10"/>
      </Unit34>
      <Unit35>
        <Filename Value="C:\Developer\lazarus\lcl\include\customactionlist.inc"/>
        <WindowIndex Value="0"/>
        <TopLine Value="43"/>
        <CursorPos X="1" Y="61"/>
        <UsageCount Value="10"/>
      </Unit35>
      <Unit36>
        <Filename Value="setpreferences.pas"/>
        <IsPartOfProject Value="True"/>
        <ComponentName Value="PreferencesForm"/>
        <HasResources Value="True"/>
        <ResourceBaseClass Value="Form"/>
        <UnitName Value="SetPreferences"/>
        <EditorIndex Value="2"/>
        <WindowIndex Value="0"/>
        <TopLine Value="13"/>
        <CursorPos X="38" Y="19"/>
        <UsageCount Value="25"/>
        <Loaded Value="True"/>
        <LoadedDesigner Value="True"/>
      </Unit36>
    </Units>
    <JumpHistory Count="30" HistoryIndex="29">
      <Position1>
        <Filename Value="spina_userinterface.pas"/>
        <Caret Line="693" Column="42" TopLine="683"/>
      </Position1>
      <Position2>
        <Filename Value="setpreferences.pas"/>
        <Caret Line="262" Column="3" TopLine="227"/>
      </Position2>
      <Position3>
        <Filename Value="setpreferences.pas"/>
        <Caret Line="256" Column="1" TopLine="237"/>
      </Position3>
      <Position4>
        <Filename Value="setpreferences.pas"/>
        <Caret Line="63" Column="15" TopLine="41"/>
      </Position4>
      <Position5>
        <Filename Value="handlepreferences.pas"/>
        <Caret Line="490" Column="34" TopLine="501"/>
      </Position5>
      <Position6>
        <Filename Value="handlepreferences.pas"/>
        <Caret Line="161" Column="12" TopLine="139"/>
      </Position6>
      <Position7>
        <Filename Value="handlepreferences.pas"/>
        <Caret Line="334" Column="29" TopLine="309"/>
      </Position7>
      <Position8>
        <Filename Value="handlepreferences.pas"/>
        <Caret Line="337" Column="46" TopLine="317"/>
      </Position8>
      <Position9>
        <Filename Value="handlepreferences.pas"/>
        <Caret Line="333" Column="1" TopLine="317"/>
      </Position9>
      <Position10>
        <Filename Value="handlepreferences.pas"/>
        <Caret Line="334" Column="1" TopLine="317"/>
      </Position10>
      <Position11>
        <Filename Value="handlepreferences.pas"/>
        <Caret Line="337" Column="1" TopLine="317"/>
      </Position11>
      <Position12>
        <Filename Value="handlepreferences.pas"/>
        <Caret Line="333" Column="1" TopLine="317"/>
      </Position12>
      <Position13>
        <Filename Value="handlepreferences.pas"/>
        <Caret Line="190" Column="1" TopLine="172"/>
      </Position13>
      <Position14>
        <Filename Value="handlepreferences.pas"/>
        <Caret Line="191" Column="1" TopLine="172"/>
      </Position14>
      <Position15>
        <Filename Value="handlepreferences.pas"/>
        <Caret Line="192" Column="1" TopLine="172"/>
      </Position15>
      <Position16>
        <Filename Value="handlepreferences.pas"/>
        <Caret Line="195" Column="1" TopLine="172"/>
      </Position16>
      <Position17>
        <Filename Value="handlepreferences.pas"/>
        <Caret Line="334" Column="35" TopLine="318"/>
      </Position17>
      <Position18>
        <Filename Value="handlepreferences.pas"/>
        <Caret Line="333" Column="1" TopLine="318"/>
      </Position18>
      <Position19>
        <Filename Value="handlepreferences.pas"/>
        <Caret Line="334" Column="1" TopLine="318"/>
      </Position19>
      <Position20>
        <Filename Value="handlepreferences.pas"/>
        <Caret Line="335" Column="1" TopLine="318"/>
      </Position20>
      <Position21>
        <Filename Value="setpreferences.pas"/>
        <Caret Line="229" Column="37" TopLine="205"/>
      </Position21>
      <Position22>
        <Filename Value="spina_userinterface.pas"/>
        <Caret Line="3" Column="88" TopLine="1"/>
      </Position22>
      <Position23>
        <Filename Value="spina_userinterface.pas"/>
        <Caret Line="78" Column="9" TopLine="50"/>
      </Position23>
      <Position24>
        <Filename Value="spina_userinterface.pas"/>
        <Caret Line="121" Column="9" TopLine="93"/>
      </Position24>
      <Position25>
        <Filename Value="spina_userinterface.pas"/>
        <Caret Line="126" Column="9" TopLine="98"/>
      </Position25>
      <Position26>
        <Filename Value="spina_userinterface.pas"/>
        <Caret Line="199" Column="24" TopLine="170"/>
      </Position26>
      <Position27>
        <Filename Value="spina_resultdialog.pas"/>
        <Caret Line="66" Column="58" TopLine="43"/>
      </Position27>
      <Position28>
        <Filename Value="spina_userinterface.pas"/>
        <Caret Line="1036" Column="23" TopLine="1012"/>
      </Position28>
      <Position29>
        <Filename Value="spina_toolbar.pas"/>
        <Caret Line="285" Column="3" TopLine="283"/>
      </Position29>
      <Position30>
        <Filename Value="spina_resultdialog.pas"/>
        <Caret Line="60" Column="6" TopLine="43"/>
      </Position30>
    </JumpHistory>
  </ProjectOptions>
  <CompilerOptions>
    <Version Value="11"/>
    <PathDelim Value="\"/>
    <Target>
      <Filename Value="SPINA Thyr"/>
    </Target>
    <Parsing>
      <SyntaxOptions>
        <CStyleOperator Value="False"/>
        <UseAnsiStrings Value="False"/>
      </SyntaxOptions>
    </Parsing>
    <CodeGeneration>
      <SmartLinkUnit Value="True"/>
      <Checks>
        <RangeChecks Value="True"/>
        <OverflowChecks Value="True"/>
      </Checks>
    </CodeGeneration>
    <Linking>
      <Debugging>
        <DebugInfoType Value="dsStabs"/>
      </Debugging>
      <LinkSmart Value="True"/>
      <Options>
        <Win32>
          <GraphicApplication Value="True"/>
        </Win32>
      </Options>
    </Linking>
    <Other>
      <CompilerMessages>
        <UseMsgFile Value="True"/>
      </CompilerMessages>
      <CustomOptions Value="-k-macosx_version_min -k10.4
-XR/Developer/SDKs/MacOSX10.4u.sdk/"/>
      <CompilerPath Value="$(CompPath)"/>
    </Other>
  </CompilerOptions>
  <Debugging>
    <Watches Count="2">
      <Item1>
        <Expression Value="gPreferences.T4isSI"/>
      </Item1>
      <Item2>
        <Expression Value="gPreferences.T3isSI"/>
      </Item2>
    </Watches>
    <Exceptions Count="2">
      <Item1>
        <Name Value="ECodetoolError"/>
      </Item1>
      <Item2>
        <Name Value="EFOpenError"/>
      </Item2>
    </Exceptions>
  </Debugging>
</CONFIG>
