<?xml version="1.0"?>
<CONFIG>
  <ProjectOptions>
    <Version Value="9"/>
    <PathDelim Value="\"/>
    <General>
      <Flags>
        <LRSInOutputDirectory Value="False"/>
      </Flags>
      <MainUnit Value="0"/>
      <Title Value="SPINA Thyr"/>
      <Icon Value="0"/>
      <ActiveWindowIndexAtStart Value="0"/>
    </General>
    <VersionInfo>
      <UseVersionInfo Value="True"/>
      <AutoIncrementBuild Value="True"/>
      <MajorVersionNr Value="3"/>
      <MinorVersionNr Value="4"/>
      <BuildNr Value="389"/>
      <StringTable CompanyName="SPINA project, Formatio Reticularis and Ruhr University of Bochum" FileDescription="SPINA Thyr" InternalName="SPINA Thyr" LegalCopyright="J. W. Dietrich" OriginalFilename="SPINA Thyr" ProductName="SPINA Thyr" ProductVersion="3.4.0"/>
    </VersionInfo>
    <BuildModes Count="1">
      <Item1 Name="default" Default="True"/>
    </BuildModes>
    <PublishOptions>
      <Version Value="2"/>
      <IgnoreBinaries Value="False"/>
      <IncludeFileFilter Value="*.(pas|pp|inc|lfm|lpr|lrs|lpi|lpk|sh|xml)"/>
      <ExcludeFileFilter Value="*.(bak|ppu|ppw|o|so);*~;backup"/>
    </PublishOptions>
    <RunParams>
      <local>
        <FormatVersion Value="1"/>
        <LaunchingApplication PathPlusParams="\usr\X11R6\bin\xterm -T 'Lazarus Run Output' -e $(LazarusDir)\tools\runwait.sh $(TargetCmdLine)"/>
      </local>
    </RunParams>
    <RequiredPackages Count="2">
      <Item1>
        <PackageName Value="Printer4Lazarus"/>
        <MinVersion Minor="5" Valid="True"/>
      </Item1>
      <Item2>
        <PackageName Value="LCL"/>
      </Item2>
    </RequiredPackages>
    <Units Count="66">
      <Unit0>
        <Filename Value="spina_thyr.lpr"/>
        <IsPartOfProject Value="True"/>
        <UnitName Value="spina_thyr"/>
        <EditorIndex Value="18"/>
        <WindowIndex Value="0"/>
        <TopLine Value="1"/>
        <CursorPos X="1" Y="2"/>
        <UsageCount Value="200"/>
        <Loaded Value="True"/>
        <LoadedDesigner Value="True"/>
      </Unit0>
      <Unit1>
        <Filename Value="spina_userinterface.pas"/>
        <IsPartOfProject Value="True"/>
        <ComponentName Value="Hauptschirm"/>
        <HasResources Value="True"/>
        <ResourceBaseClass Value="Form"/>
        <UnitName Value="SPINA_UserInterface"/>
        <IsVisibleTab Value="True"/>
        <EditorIndex Value="12"/>
        <WindowIndex Value="0"/>
        <TopLine Value="1"/>
        <CursorPos X="1" Y="2"/>
        <UsageCount Value="200"/>
        <Loaded Value="True"/>
        <LoadedDesigner Value="True"/>
      </Unit1>
      <Unit2>
        <Filename Value="C:\lazarus\lcl\include\control.inc"/>
        <WindowIndex Value="0"/>
        <TopLine Value="2701"/>
        <CursorPos X="1" Y="2719"/>
        <UsageCount Value="12"/>
      </Unit2>
      <Unit3>
        <Filename Value="C:\lazarus\lcl\include\wincontrol.inc"/>
        <WindowIndex Value="0"/>
        <TopLine Value="5306"/>
        <CursorPos X="1" Y="5323"/>
        <UsageCount Value="12"/>
      </Unit3>
      <Unit4>
        <Filename Value="C:\lazarus\lcl\include\buttons.inc"/>
        <WindowIndex Value="0"/>
        <TopLine Value="133"/>
        <CursorPos X="1" Y="151"/>
        <UsageCount Value="12"/>
      </Unit4>
      <Unit5>
        <Filename Value="C:\lazarus\lcl\include\menuitem.inc"/>
        <TopLine Value="394"/>
        <CursorPos X="1" Y="415"/>
        <UsageCount Value="12"/>
      </Unit5>
      <Unit6>
        <Filename Value="unit1.lfm"/>
        <TopLine Value="1"/>
        <CursorPos X="1" Y="1"/>
        <UsageCount Value="21"/>
        <DefaultSyntaxHighlighter Value="LFM"/>
      </Unit6>
      <Unit7>
        <Filename Value="C:\lazarus\lcl\menus.pp"/>
        <UnitName Value="Menus"/>
        <TopLine Value="506"/>
        <CursorPos X="52" Y="519"/>
        <UsageCount Value="12"/>
      </Unit7>
      <Unit8>
        <Filename Value="C:\lazarus\fpc\2.2.2\source\rtl\objpas\classes\classesh.inc"/>
        <TopLine Value="85"/>
        <CursorPos X="5" Y="106"/>
        <UsageCount Value="11"/>
      </Unit8>
      <Unit9>
        <Filename Value="spina_splashscreen.pas"/>
        <IsPartOfProject Value="True"/>
        <ComponentName Value="SplashScreen"/>
        <HasResources Value="True"/>
        <ResourceBaseClass Value="Form"/>
        <UnitName Value="SPINA_SplashScreen"/>
        <EditorIndex Value="3"/>
        <WindowIndex Value="0"/>
        <TopLine Value="1"/>
        <CursorPos X="1" Y="2"/>
        <UsageCount Value="172"/>
        <Loaded Value="True"/>
        <LoadedDesigner Value="True"/>
      </Unit9>
      <Unit10>
        <Filename Value="C:\lazarus\lcl\interfaces\win32\win32wscontrols.pp"/>
        <UnitName Value="Win32WSControls"/>
        <TopLine Value="212"/>
        <CursorPos X="1" Y="233"/>
        <UsageCount Value="10"/>
      </Unit10>
      <Unit11>
        <Filename Value="C:\lazarus\lcl\include\customform.inc"/>
        <WindowIndex Value="0"/>
        <TopLine Value="2823"/>
        <CursorPos X="1" Y="2838"/>
        <UsageCount Value="11"/>
      </Unit11>
      <Unit12>
        <Filename Value="spina_aboutbox.pas"/>
        <IsPartOfProject Value="True"/>
        <ComponentName Value="AboutBox"/>
        <HasResources Value="True"/>
        <ResourceBaseClass Value="Form"/>
        <UnitName Value="SPINA_AboutBox"/>
        <EditorIndex Value="13"/>
        <WindowIndex Value="0"/>
        <TopLine Value="1"/>
        <CursorPos X="1" Y="2"/>
        <UsageCount Value="170"/>
        <Loaded Value="True"/>
        <LoadedDesigner Value="True"/>
      </Unit12>
      <Unit13>
        <Filename Value="spina_resultdialog.pas"/>
        <IsPartOfProject Value="True"/>
        <ComponentName Value="ResultForm"/>
        <HasResources Value="True"/>
        <ResourceBaseClass Value="Form"/>
        <UnitName Value="SPINA_ResultDialog"/>
        <EditorIndex Value="17"/>
        <WindowIndex Value="0"/>
        <TopLine Value="1"/>
        <CursorPos X="1" Y="2"/>
        <UsageCount Value="167"/>
        <Loaded Value="True"/>
        <LoadedDesigner Value="True"/>
      </Unit13>
      <Unit14>
        <Filename Value="C:\Developer\lazarus\components\printers\carbon\carbonprndialogs.inc"/>
        <TopLine Value="23"/>
        <CursorPos X="41" Y="38"/>
        <UsageCount Value="11"/>
      </Unit14>
      <Unit15>
        <Filename Value="C:\Developer\lazarus\lcl\include\canvas.inc"/>
        <TopLine Value="1524"/>
        <CursorPos X="1" Y="1538"/>
        <UsageCount Value="10"/>
      </Unit15>
      <Unit16>
        <Filename Value="C:\Developer\lazarus\lcl\printers.pas"/>
        <UnitName Value="Printers"/>
        <TopLine Value="421"/>
        <CursorPos X="1" Y="435"/>
        <UsageCount Value="10"/>
      </Unit16>
      <Unit17>
        <Filename Value="C:\lazarus\lcl\printers.pas"/>
        <UnitName Value="Printers"/>
        <TopLine Value="1"/>
        <CursorPos X="1" Y="424"/>
        <UsageCount Value="12"/>
      </Unit17>
      <Unit18>
        <Filename Value="spina_engine.pas"/>
        <IsPartOfProject Value="True"/>
        <UnitName Value="SPINA_Engine"/>
        <EditorIndex Value="9"/>
        <WindowIndex Value="0"/>
        <TopLine Value="1"/>
        <CursorPos X="1" Y="2"/>
        <UsageCount Value="134"/>
        <Loaded Value="True"/>
      </Unit18>
      <Unit19>
        <Filename Value="C:\usr\local\share\fpcsrc\packages\univint\src\cssmkrapi.pas"/>
        <UnitName Value="cssmkrapi"/>
        <WindowIndex Value="0"/>
        <TopLine Value="315"/>
        <CursorPos X="120" Y="337"/>
        <UsageCount Value="10"/>
      </Unit19>
      <Unit20>
        <Filename Value="C:\Developer\lazarus\lcl\lcltype.pp"/>
        <UnitName Value="LCLType"/>
        <WindowIndex Value="0"/>
        <TopLine Value="2894"/>
        <CursorPos X="1" Y="2911"/>
        <UsageCount Value="10"/>
      </Unit20>
      <Unit21>
        <Filename Value="C:\Developer\lazarus\lcl\include\customform.inc"/>
        <WindowIndex Value="0"/>
        <TopLine Value="2821"/>
        <CursorPos X="1" Y="2838"/>
        <UsageCount Value="10"/>
      </Unit21>
      <Unit22>
        <Filename Value="C:\Developer\lazarus\lcl\include\application.inc"/>
        <WindowIndex Value="0"/>
        <TopLine Value="2071"/>
        <CursorPos X="1" Y="2088"/>
        <UsageCount Value="10"/>
      </Unit22>
      <Unit23>
        <Filename Value="spina_types.pas"/>
        <IsPartOfProject Value="True"/>
        <UnitName Value="SPINA_Types"/>
        <EditorIndex Value="0"/>
        <WindowIndex Value="0"/>
        <TopLine Value="1"/>
        <CursorPos X="1" Y="2"/>
        <UsageCount Value="121"/>
        <Loaded Value="True"/>
      </Unit23>
      <Unit24>
        <Filename Value="versionsupport.pas"/>
        <UnitName Value="VersionSupport"/>
        <EditorIndex Value="14"/>
        <WindowIndex Value="0"/>
        <TopLine Value="1"/>
        <CursorPos X="1" Y="1"/>
        <UsageCount Value="43"/>
        <Loaded Value="True"/>
      </Unit24>
      <Unit25>
        <Filename Value="C:\Developer\lazarus\lcl\include\control.inc"/>
        <WindowIndex Value="0"/>
        <TopLine Value="4155"/>
        <CursorPos X="1" Y="4172"/>
        <UsageCount Value="10"/>
      </Unit25>
      <Unit26>
        <Filename Value="handlepreferences.pas"/>
        <IsPartOfProject Value="True"/>
        <UnitName Value="HandlePreferences"/>
        <EditorIndex Value="2"/>
        <WindowIndex Value="0"/>
        <TopLine Value="1"/>
        <CursorPos X="1" Y="2"/>
        <UsageCount Value="56"/>
        <Loaded Value="True"/>
      </Unit26>
      <Unit27>
        <Filename Value="C:\Endokrinologie\SD\TFC\SimThyr\code\trunk\simoptions.lfm"/>
        <WindowIndex Value="0"/>
        <TopLine Value="1"/>
        <CursorPos X="1" Y="1"/>
        <UsageCount Value="10"/>
        <DefaultSyntaxHighlighter Value="LFM"/>
      </Unit27>
      <Unit28>
        <Filename Value="C:\lazarus\lcl\lclclasses.pp"/>
        <UnitName Value="LCLClasses"/>
        <WindowIndex Value="0"/>
        <TopLine Value="17"/>
        <CursorPos X="26" Y="36"/>
        <UsageCount Value="10"/>
      </Unit28>
      <Unit29>
        <Filename Value="spina_toolbar.pas"/>
        <IsPartOfProject Value="True"/>
        <ComponentName Value="SPINAToolbar"/>
        <HasResources Value="True"/>
        <ResourceBaseClass Value="Form"/>
        <UnitName Value="spina_toolbar"/>
        <EditorIndex Value="11"/>
        <WindowIndex Value="0"/>
        <TopLine Value="1"/>
        <CursorPos X="1" Y="2"/>
        <UsageCount Value="113"/>
        <Loaded Value="True"/>
        <LoadedDesigner Value="True"/>
      </Unit29>
      <Unit30>
        <Filename Value="C:\lazarus\lcl\include\application.inc"/>
        <WindowIndex Value="0"/>
        <TopLine Value="1685"/>
        <CursorPos X="1" Y="1702"/>
        <UsageCount Value="10"/>
      </Unit30>
      <Unit31>
        <Filename Value="C:\usr\local\share\fpcsrc\packages\fcl-xml\src\xmlread.pp"/>
        <UnitName Value="XMLRead"/>
        <WindowIndex Value="0"/>
        <TopLine Value="29"/>
        <CursorPos X="11" Y="44"/>
        <UsageCount Value="10"/>
      </Unit31>
      <Unit32>
        <Filename Value="C:\usr\local\share\fpcsrc\packages\fcl-xml\src\dom.pp"/>
        <UnitName Value="DOM"/>
        <WindowIndex Value="0"/>
        <TopLine Value="875"/>
        <CursorPos X="27" Y="1019"/>
        <UsageCount Value="10"/>
      </Unit32>
      <Unit33>
        <Filename Value="spina_userinterface.lrs"/>
        <WindowIndex Value="0"/>
        <TopLine Value="1"/>
        <CursorPos X="1" Y="1104"/>
        <UsageCount Value="11"/>
      </Unit33>
      <Unit34>
        <Filename Value="C:\usr\local\share\fpcsrc\packages\univint\src\fp.pas"/>
        <UnitName Value="fp"/>
        <WindowIndex Value="0"/>
        <TopLine Value="1"/>
        <CursorPos X="10" Y="890"/>
        <UsageCount Value="10"/>
      </Unit34>
      <Unit35>
        <Filename Value="C:\Developer\lazarus\lcl\include\customactionlist.inc"/>
        <WindowIndex Value="0"/>
        <TopLine Value="43"/>
        <CursorPos X="1" Y="61"/>
        <UsageCount Value="10"/>
      </Unit35>
      <Unit36>
        <Filename Value="setpreferences.pas"/>
        <IsPartOfProject Value="True"/>
        <ComponentName Value="PreferencesForm"/>
        <HasResources Value="True"/>
        <ResourceBaseClass Value="Form"/>
        <UnitName Value="SetPreferences"/>
        <EditorIndex Value="16"/>
        <WindowIndex Value="0"/>
        <TopLine Value="1"/>
        <CursorPos X="1" Y="2"/>
        <UsageCount Value="66"/>
        <Loaded Value="True"/>
        <LoadedDesigner Value="True"/>
      </Unit36>
      <Unit37>
        <Filename Value="spina_help.pas"/>
        <IsPartOfProject Value="True"/>
        <ComponentName Value="HelpWindow"/>
        <HasResources Value="True"/>
        <ResourceBaseClass Value="Form"/>
        <UnitName Value="spina_help"/>
        <EditorIndex Value="15"/>
        <WindowIndex Value="0"/>
        <TopLine Value="1"/>
        <CursorPos X="1" Y="2"/>
        <UsageCount Value="56"/>
        <Loaded Value="True"/>
        <LoadedDesigner Value="True"/>
      </Unit37>
      <Unit38>
        <Filename Value="spina_toolbar.lfm"/>
        <WindowIndex Value="0"/>
        <TopLine Value="239"/>
        <CursorPos X="1" Y="1"/>
        <UsageCount Value="10"/>
        <DefaultSyntaxHighlighter Value="LFM"/>
      </Unit38>
      <Unit39>
        <Filename Value="..\..\..\Developer\lazarus\lcl\include\customform.inc"/>
        <WindowIndex Value="0"/>
        <TopLine Value="138"/>
        <CursorPos X="1" Y="155"/>
        <UsageCount Value="10"/>
      </Unit39>
      <Unit40>
        <Filename Value="C:\Developer\lazarus\lcl\graphics.pp"/>
        <UnitName Value="Graphics"/>
        <WindowIndex Value="0"/>
        <TopLine Value="39"/>
        <CursorPos X="3" Y="56"/>
        <UsageCount Value="10"/>
      </Unit40>
      <Unit41>
        <Filename Value="C:\lazarus\fpc\2.6.2\source\rtl\objpas\sysutils\osutilsh.inc"/>
        <WindowIndex Value="0"/>
        <TopLine Value="26"/>
        <CursorPos X="10" Y="44"/>
        <UsageCount Value="10"/>
      </Unit41>
      <Unit42>
        <Filename Value="C:\lazarus\fpc\2.6.2\source\rtl\win\wininc\redef.inc"/>
        <WindowIndex Value="0"/>
        <TopLine Value="610"/>
        <CursorPos X="10" Y="628"/>
        <UsageCount Value="10"/>
      </Unit42>
      <Unit43>
        <Filename Value="C:\lazarus\lcl\forms.pp"/>
        <UnitName Value="Forms"/>
        <WindowIndex Value="0"/>
        <TopLine Value="1688"/>
        <CursorPos X="3" Y="1706"/>
        <UsageCount Value="10"/>
      </Unit43>
      <Unit44>
        <Filename Value="C:\lazarus\fpc\2.6.2\source\packages\fcl-base\src\gettext.pp"/>
        <UnitName Value="gettext"/>
        <WindowIndex Value="0"/>
        <TopLine Value="287"/>
        <CursorPos X="3" Y="294"/>
        <UsageCount Value="10"/>
      </Unit44>
      <Unit45>
        <Filename Value="C:\lazarus\fpc\2.6.2\source\rtl\objpas\sysutils\osutil.inc"/>
        <WindowIndex Value="0"/>
        <TopLine Value="90"/>
        <CursorPos X="3" Y="93"/>
        <UsageCount Value="10"/>
      </Unit45>
      <Unit46>
        <Filename Value="C:\lazarus\lcl\include\buttoncontrol.inc"/>
        <WindowIndex Value="0"/>
        <TopLine Value="38"/>
        <CursorPos X="1" Y="56"/>
        <UsageCount Value="10"/>
      </Unit46>
      <Unit47>
        <Filename Value="C:\lazarus\lcl\lclmessageglue.pas"/>
        <UnitName Value="LCLMessageGlue"/>
        <WindowIndex Value="0"/>
        <TopLine Value="100"/>
        <CursorPos X="1" Y="117"/>
        <UsageCount Value="10"/>
      </Unit47>
      <Unit48>
        <Filename Value="C:\lazarus\lcl\interfaces\win32\win32callback.inc"/>
        <WindowIndex Value="0"/>
        <TopLine Value="2537"/>
        <CursorPos X="1" Y="2554"/>
        <UsageCount Value="10"/>
      </Unit48>
      <Unit49>
        <Filename Value="C:\lazarus\lcl\interfaces\win32\win32wsforms.pp"/>
        <UnitName Value="Win32WSForms"/>
        <WindowIndex Value="0"/>
        <TopLine Value="304"/>
        <CursorPos X="1" Y="322"/>
        <UsageCount Value="10"/>
      </Unit49>
      <Unit50>
        <Filename Value="measurementparser.pas"/>
        <UnitName Value="MeasurementParser"/>
        <WindowIndex Value="0"/>
        <TopLine Value="21"/>
        <CursorPos X="49" Y="29"/>
        <UsageCount Value="20"/>
      </Unit50>
      <Unit51>
        <Filename Value="unitconverter.pas"/>
        <IsPartOfProject Value="True"/>
        <UnitName Value="UnitConverter"/>
        <EditorIndex Value="1"/>
        <WindowIndex Value="0"/>
        <TopLine Value="1"/>
        <CursorPos X="1" Y="2"/>
        <UsageCount Value="38"/>
        <Loaded Value="True"/>
      </Unit51>
      <Unit52>
        <Filename Value="handleimpex.pas"/>
        <IsPartOfProject Value="True"/>
        <UnitName Value="HandleImpEx"/>
        <EditorIndex Value="10"/>
        <WindowIndex Value="0"/>
        <TopLine Value="1"/>
        <CursorPos X="1" Y="2"/>
        <UsageCount Value="36"/>
        <Loaded Value="True"/>
      </Unit52>
      <Unit53>
        <Filename Value="C:\usr\local\share\fpcsrc\rtl\objpas\classes\classesh.inc"/>
        <WindowIndex Value="0"/>
        <TopLine Value="862"/>
        <CursorPos X="30" Y="879"/>
        <UsageCount Value="10"/>
      </Unit53>
      <Unit54>
        <Filename Value="C:\usr\local\share\fpcsrc\rtl\objpas\classes\streams.inc"/>
        <WindowIndex Value="0"/>
        <TopLine Value="1163"/>
        <CursorPos X="1" Y="1198"/>
        <UsageCount Value="10"/>
      </Unit54>
      <Unit55>
        <Filename Value="C:\usr\local\share\fpcsrc\rtl\inc\systemh.inc"/>
        <WindowIndex Value="0"/>
        <TopLine Value="796"/>
        <CursorPos X="14" Y="814"/>
        <UsageCount Value="10"/>
      </Unit55>
      <Unit56>
        <Filename Value="C:\usr\local\share\fpcsrc\rtl\inc\system.inc"/>
        <WindowIndex Value="0"/>
        <TopLine Value="610"/>
        <CursorPos X="3" Y="612"/>
        <UsageCount Value="10"/>
      </Unit56>
      <Unit57>
        <Filename Value="C:\lazarus\lcl\dialogs.pp"/>
        <UnitName Value="Dialogs"/>
        <WindowIndex Value="0"/>
        <TopLine Value="1"/>
        <CursorPos X="3" Y="215"/>
        <UsageCount Value="10"/>
      </Unit57>
      <Unit58>
        <Filename Value="C:\lazarus\fpc\2.6.2\source\packages\fcl-xml\src\dom.pp"/>
        <UnitName Value="DOM"/>
        <WindowIndex Value="0"/>
        <TopLine Value="1"/>
        <CursorPos X="15" Y="1"/>
        <UsageCount Value="10"/>
      </Unit58>
      <Unit59>
        <Filename Value="hl7.pas"/>
        <IsPartOfProject Value="True"/>
        <UnitName Value="HL7"/>
        <EditorIndex Value="4"/>
        <WindowIndex Value="0"/>
        <TopLine Value="1"/>
        <CursorPos X="1" Y="2"/>
        <UsageCount Value="31"/>
        <Loaded Value="True"/>
      </Unit59>
      <Unit60>
        <Filename Value="obx.pas"/>
        <IsPartOfProject Value="True"/>
        <UnitName Value="OBX"/>
        <EditorIndex Value="8"/>
        <WindowIndex Value="0"/>
        <TopLine Value="1"/>
        <CursorPos X="1" Y="2"/>
        <UsageCount Value="25"/>
        <Loaded Value="True"/>
      </Unit60>
      <Unit61>
        <Filename Value="msa.pas"/>
        <IsPartOfProject Value="True"/>
        <UnitName Value="MSA"/>
        <EditorIndex Value="5"/>
        <WindowIndex Value="0"/>
        <TopLine Value="1"/>
        <CursorPos X="1" Y="2"/>
        <UsageCount Value="25"/>
        <Loaded Value="True"/>
      </Unit61>
      <Unit62>
        <Filename Value="msh.pas"/>
        <IsPartOfProject Value="True"/>
        <UnitName Value="MSH"/>
        <EditorIndex Value="7"/>
        <WindowIndex Value="0"/>
        <TopLine Value="1"/>
        <CursorPos X="1" Y="2"/>
        <UsageCount Value="25"/>
        <Loaded Value="True"/>
      </Unit62>
      <Unit63>
        <Filename Value="obr.pas"/>
        <IsPartOfProject Value="True"/>
        <UnitName Value="OBR"/>
        <EditorIndex Value="6"/>
        <WindowIndex Value="0"/>
        <TopLine Value="1"/>
        <CursorPos X="1" Y="1"/>
        <UsageCount Value="25"/>
        <Loaded Value="True"/>
      </Unit63>
      <Unit64>
        <Filename Value="C:\lazarus\fpc\2.6.2\source\rtl\inc\systemh.inc"/>
        <WindowIndex Value="0"/>
        <TopLine Value="566"/>
        <CursorPos X="40" Y="584"/>
        <UsageCount Value="10"/>
      </Unit64>
      <Unit65>
        <Filename Value="..\..\..\..\..\..\..\..\..\Developer\lazarus\lcl\lcltype.pp"/>
        <UnitName Value="LCLType"/>
        <WindowIndex Value="0"/>
        <TopLine Value="2968"/>
        <CursorPos X="1" Y="2985"/>
        <UsageCount Value="11"/>
      </Unit65>
    </Units>
    <JumpHistory Count="30" HistoryIndex="29">
      <Position1>
        <Filename Value="spina_engine.pas"/>
        <Caret Line="89" Column="1" TopLine="61"/>
      </Position1>
      <Position2>
        <Filename Value="spina_engine.pas"/>
        <Caret Line="97" Column="1" TopLine="81"/>
      </Position2>
      <Position3>
        <Filename Value="spina_engine.pas"/>
        <Caret Line="98" Column="1" TopLine="81"/>
      </Position3>
      <Position4>
        <Filename Value="spina_engine.pas"/>
        <Caret Line="100" Column="1" TopLine="81"/>
      </Position4>
      <Position5>
        <Filename Value="spina_engine.pas"/>
        <Caret Line="102" Column="1" TopLine="81"/>
      </Position5>
      <Position6>
        <Filename Value="spina_engine.pas"/>
        <Caret Line="106" Column="1" TopLine="81"/>
      </Position6>
      <Position7>
        <Filename Value="spina_engine.pas"/>
        <Caret Line="110" Column="1" TopLine="82"/>
      </Position7>
      <Position8>
        <Filename Value="spina_engine.pas"/>
        <Caret Line="112" Column="1" TopLine="84"/>
      </Position8>
      <Position9>
        <Filename Value="spina_engine.pas"/>
        <Caret Line="114" Column="1" TopLine="86"/>
      </Position9>
      <Position10>
        <Filename Value="spina_engine.pas"/>
        <Caret Line="118" Column="1" TopLine="90"/>
      </Position10>
      <Position11>
        <Filename Value="spina_engine.pas"/>
        <Caret Line="120" Column="1" TopLine="92"/>
      </Position11>
      <Position12>
        <Filename Value="spina_engine.pas"/>
        <Caret Line="124" Column="1" TopLine="96"/>
      </Position12>
      <Position13>
        <Filename Value="spina_engine.pas"/>
        <Caret Line="128" Column="1" TopLine="100"/>
      </Position13>
      <Position14>
        <Filename Value="spina_engine.pas"/>
        <Caret Line="130" Column="1" TopLine="102"/>
      </Position14>
      <Position15>
        <Filename Value="spina_userinterface.pas"/>
        <Caret Line="632" Column="1" TopLine="616"/>
      </Position15>
      <Position16>
        <Filename Value="spina_engine.pas"/>
        <Caret Line="73" Column="1" TopLine="55"/>
      </Position16>
      <Position17>
        <Filename Value="spina_engine.pas"/>
        <Caret Line="76" Column="1" TopLine="55"/>
      </Position17>
      <Position18>
        <Filename Value="spina_engine.pas"/>
        <Caret Line="77" Column="1" TopLine="55"/>
      </Position18>
      <Position19>
        <Filename Value="spina_engine.pas"/>
        <Caret Line="85" Column="1" TopLine="57"/>
      </Position19>
      <Position20>
        <Filename Value="spina_engine.pas"/>
        <Caret Line="88" Column="1" TopLine="60"/>
      </Position20>
      <Position21>
        <Filename Value="spina_engine.pas"/>
        <Caret Line="89" Column="1" TopLine="61"/>
      </Position21>
      <Position22>
        <Filename Value="spina_engine.pas"/>
        <Caret Line="97" Column="1" TopLine="81"/>
      </Position22>
      <Position23>
        <Filename Value="spina_engine.pas"/>
        <Caret Line="98" Column="1" TopLine="81"/>
      </Position23>
      <Position24>
        <Filename Value="spina_engine.pas"/>
        <Caret Line="100" Column="1" TopLine="81"/>
      </Position24>
      <Position25>
        <Filename Value="spina_engine.pas"/>
        <Caret Line="102" Column="1" TopLine="81"/>
      </Position25>
      <Position26>
        <Filename Value="spina_engine.pas"/>
        <Caret Line="106" Column="1" TopLine="81"/>
      </Position26>
      <Position27>
        <Filename Value="spina_engine.pas"/>
        <Caret Line="110" Column="1" TopLine="82"/>
      </Position27>
      <Position28>
        <Filename Value="spina_engine.pas"/>
        <Caret Line="127" Column="1" TopLine="110"/>
      </Position28>
      <Position29>
        <Filename Value="spina_engine.pas"/>
        <Caret Line="121" Column="78" TopLine="106"/>
      </Position29>
      <Position30>
        <Filename Value="spina_userinterface.pas"/>
        <Caret Line="632" Column="1" TopLine="617"/>
      </Position30>
    </JumpHistory>
  </ProjectOptions>
  <CompilerOptions>
    <Version Value="11"/>
    <PathDelim Value="\"/>
    <Target>
      <Filename Value="SPINA Thyr"/>
    </Target>
    <Conditionals Value="if TargetOS = 'darwin' then begin
  UsageCustomOptions += ' -k-macosx_version_min -k10.4';
  UsageCustomOptions += ' -XR/Developer/SDKs/MacOSX10.4u.sdk/';
end;"/>
    <Parsing>
      <SyntaxOptions>
        <CStyleOperator Value="False"/>
        <UseAnsiStrings Value="False"/>
      </SyntaxOptions>
    </Parsing>
    <CodeGeneration>
      <SmartLinkUnit Value="True"/>
      <Checks>
        <IOChecks Value="True"/>
        <RangeChecks Value="True"/>
        <OverflowChecks Value="True"/>
        <StackChecks Value="True"/>
      </Checks>
    </CodeGeneration>
    <Linking>
      <LinkSmart Value="True"/>
      <Options>
        <Win32>
          <GraphicApplication Value="True"/>
        </Win32>
      </Options>
    </Linking>
    <Other>
      <CompilerMessages>
        <UseMsgFile Value="True"/>
      </CompilerMessages>
      <CustomOptions Value="-k-macosx_version_min -k10.4
-XR/Developer/SDKs/MacOSX10.4u.sdk/"/>
      <CompilerPath Value="$(CompPath)"/>
    </Other>
  </CompilerOptions>
  <Debugging>
    <Watches Count="6">
      <Item1>
        <Expression Value="TSH"/>
      </Item1>
      <Item2>
        <Expression Value="FT4"/>
      </Item2>
      <Item3>
        <Expression Value="tempRecord.TSHI"/>
      </Item3>
      <Item4>
        <Expression Value="T4"/>
      </Item4>
      <Item5>
        <Expression Value="TSH_String"/>
      </Item5>
      <Item6>
        <Expression Value="T4_String"/>
      </Item6>
    </Watches>
    <Exceptions Count="2">
      <Item1>
        <Name Value="ECodetoolError"/>
      </Item1>
      <Item2>
        <Name Value="EFOpenError"/>
      </Item2>
    </Exceptions>
  </Debugging>
</CONFIG>