<?xml version="1.0"?>
<CONFIG>
  <ProjectOptions>
    <Version Value="9"/>
    <PathDelim Value="\"/>
    <General>
      <Flags>
        <LRSInOutputDirectory Value="False"/>
      </Flags>
      <MainUnit Value="0"/>
      <Title Value="SPINA Thyr"/>
      <Icon Value="0"/>
      <ActiveWindowIndexAtStart Value="0"/>
    </General>
    <VersionInfo>
      <UseVersionInfo Value="True"/>
      <AutoIncrementBuild Value="True"/>
      <MajorVersionNr Value="3"/>
      <MinorVersionNr Value="3"/>
      <BuildNr Value="1"/>
      <StringTable CompanyName="SPINA project, Formatio Reticularis and Ruhr University of Bochum" FileDescription="SPINA Thyr" InternalName="SPINA Thyr" LegalCopyright="J. W. Dietrich" OriginalFilename="SPINA Thyr" ProductName="SPINA Thyr" ProductVersion="3.3.0"/>
    </VersionInfo>
    <BuildModes Count="1">
      <Item1 Name="default" Default="True"/>
    </BuildModes>
    <PublishOptions>
      <Version Value="2"/>
      <IgnoreBinaries Value="False"/>
      <IncludeFileFilter Value="*.(pas|pp|inc|lfm|lpr|lrs|lpi|lpk|sh|xml)"/>
      <ExcludeFileFilter Value="*.(bak|ppu|ppw|o|so);*~;backup"/>
    </PublishOptions>
    <RunParams>
      <local>
        <FormatVersion Value="1"/>
        <LaunchingApplication PathPlusParams="\usr\X11R6\bin\xterm -T 'Lazarus Run Output' -e $(LazarusDir)\tools\runwait.sh $(TargetCmdLine)"/>
      </local>
    </RunParams>
    <RequiredPackages Count="2">
      <Item1>
        <PackageName Value="Printer4Lazarus"/>
        <MinVersion Minor="5" Valid="True"/>
      </Item1>
      <Item2>
        <PackageName Value="LCL"/>
      </Item2>
    </RequiredPackages>
    <Units Count="24">
      <Unit0>
        <Filename Value="spina_thyr.lpr"/>
        <IsPartOfProject Value="True"/>
        <UnitName Value="spina_thyr"/>
        <IsVisibleTab Value="True"/>
        <EditorIndex Value="6"/>
        <WindowIndex Value="0"/>
        <TopLine Value="22"/>
        <CursorPos X="57" Y="44"/>
        <UsageCount Value="104"/>
        <Loaded Value="True"/>
        <LoadedDesigner Value="True"/>
      </Unit0>
      <Unit1>
        <Filename Value="spina_userinterface.pas"/>
        <IsPartOfProject Value="True"/>
        <ComponentName Value="Hauptschirm"/>
        <ResourceBaseClass Value="Form"/>
        <UnitName Value="SPINA_UserInterface"/>
        <EditorIndex Value="5"/>
        <WindowIndex Value="0"/>
        <TopLine Value="694"/>
        <CursorPos X="36" Y="19"/>
        <UsageCount Value="104"/>
        <Loaded Value="True"/>
        <LoadedDesigner Value="True"/>
      </Unit1>
      <Unit2>
        <Filename Value="..\..\..\..\..\..\lazarus\lcl\include\control.inc"/>
        <TopLine Value="2486"/>
        <CursorPos X="1" Y="2507"/>
        <UsageCount Value="12"/>
      </Unit2>
      <Unit3>
        <Filename Value="..\..\..\..\..\..\lazarus\lcl\include\wincontrol.inc"/>
        <TopLine Value="7150"/>
        <CursorPos X="1" Y="7171"/>
        <UsageCount Value="12"/>
      </Unit3>
      <Unit4>
        <Filename Value="..\..\..\..\..\..\lazarus\lcl\include\buttons.inc"/>
        <TopLine Value="293"/>
        <CursorPos X="1" Y="329"/>
        <UsageCount Value="12"/>
      </Unit4>
      <Unit5>
        <Filename Value="..\..\..\..\..\..\lazarus\lcl\include\menuitem.inc"/>
        <TopLine Value="394"/>
        <CursorPos X="1" Y="415"/>
        <UsageCount Value="12"/>
      </Unit5>
      <Unit6>
        <Filename Value="unit1.lfm"/>
        <TopLine Value="1"/>
        <CursorPos X="1" Y="1"/>
        <UsageCount Value="21"/>
        <DefaultSyntaxHighlighter Value="LFM"/>
      </Unit6>
      <Unit7>
        <Filename Value="..\..\..\..\..\..\lazarus\lcl\menus.pp"/>
        <UnitName Value="Menus"/>
        <TopLine Value="506"/>
        <CursorPos X="52" Y="519"/>
        <UsageCount Value="12"/>
      </Unit7>
      <Unit8>
        <Filename Value="..\..\..\..\..\..\lazarus\fpc\2.2.2\source\rtl\objpas\classes\classesh.inc"/>
        <TopLine Value="85"/>
        <CursorPos X="5" Y="106"/>
        <UsageCount Value="11"/>
      </Unit8>
      <Unit9>
        <Filename Value="spina_splashscreen.pas"/>
        <IsPartOfProject Value="True"/>
        <ComponentName Value="SplashScreen"/>
        <ResourceBaseClass Value="Form"/>
        <UnitName Value="SPINA_SplashScreen"/>
        <EditorIndex Value="3"/>
        <WindowIndex Value="0"/>
        <TopLine Value="1"/>
        <CursorPos X="39" Y="16"/>
        <UsageCount Value="71"/>
        <Loaded Value="True"/>
        <LoadedDesigner Value="True"/>
      </Unit9>
      <Unit10>
        <Filename Value="..\..\..\..\..\..\lazarus\lcl\interfaces\win32\win32wscontrols.pp"/>
        <UnitName Value="Win32WSControls"/>
        <TopLine Value="212"/>
        <CursorPos X="1" Y="233"/>
        <UsageCount Value="10"/>
      </Unit10>
      <Unit11>
        <Filename Value="..\..\..\..\..\..\lazarus\lcl\include\customform.inc"/>
        <TopLine Value="1962"/>
        <CursorPos X="16" Y="1975"/>
        <UsageCount Value="11"/>
      </Unit11>
      <Unit12>
        <Filename Value="spina_aboutbox.pas"/>
        <IsPartOfProject Value="True"/>
        <ComponentName Value="AboutBox"/>
        <ResourceBaseClass Value="Form"/>
        <UnitName Value="SPINA_AboutBox"/>
        <EditorIndex Value="4"/>
        <WindowIndex Value="0"/>
        <TopLine Value="37"/>
        <CursorPos X="27" Y="51"/>
        <UsageCount Value="69"/>
        <Loaded Value="True"/>
        <LoadedDesigner Value="True"/>
      </Unit12>
      <Unit13>
        <Filename Value="spina_resultdialog.pas"/>
        <IsPartOfProject Value="True"/>
        <ComponentName Value="ResultForm"/>
        <ResourceBaseClass Value="Form"/>
        <UnitName Value="SPINA_ResultDialog"/>
        <EditorIndex Value="2"/>
        <WindowIndex Value="0"/>
        <TopLine Value="1"/>
        <CursorPos X="59" Y="15"/>
        <UsageCount Value="66"/>
        <Loaded Value="True"/>
        <LoadedDesigner Value="True"/>
      </Unit13>
      <Unit14>
        <Filename Value="..\..\..\..\..\..\Developer\lazarus\components\printers\carbon\carbonprndialogs.inc"/>
        <TopLine Value="23"/>
        <CursorPos X="41" Y="38"/>
        <UsageCount Value="11"/>
      </Unit14>
      <Unit15>
        <Filename Value="..\..\..\..\..\..\Developer\lazarus\lcl\include\canvas.inc"/>
        <TopLine Value="1524"/>
        <CursorPos X="1" Y="1538"/>
        <UsageCount Value="10"/>
      </Unit15>
      <Unit16>
        <Filename Value="..\..\..\..\..\..\Developer\lazarus\lcl\printers.pas"/>
        <UnitName Value="Printers"/>
        <TopLine Value="421"/>
        <CursorPos X="1" Y="435"/>
        <UsageCount Value="10"/>
      </Unit16>
      <Unit17>
        <Filename Value="..\..\..\..\..\..\lazarus\lcl\printers.pas"/>
        <UnitName Value="Printers"/>
        <TopLine Value="1"/>
        <CursorPos X="1" Y="424"/>
        <UsageCount Value="12"/>
      </Unit17>
      <Unit18>
        <Filename Value="spina_engine.pas"/>
        <IsPartOfProject Value="True"/>
        <UnitName Value="SPINA_Engine"/>
        <EditorIndex Value="1"/>
        <WindowIndex Value="0"/>
        <TopLine Value="1"/>
        <CursorPos X="102" Y="90"/>
        <UsageCount Value="33"/>
        <Loaded Value="True"/>
      </Unit18>
      <Unit19>
        <Filename Value="..\..\..\..\..\..\..\..\..\usr\local\share\fpcsrc\packages\univint\src\cssmkrapi.pas"/>
        <UnitName Value="cssmkrapi"/>
        <WindowIndex Value="0"/>
        <TopLine Value="314"/>
        <CursorPos X="120" Y="337"/>
        <UsageCount Value="10"/>
      </Unit19>
      <Unit20>
        <Filename Value="..\..\..\..\..\..\..\..\..\Developer\lazarus\lcl\lcltype.pp"/>
        <UnitName Value="LCLType"/>
        <WindowIndex Value="0"/>
        <TopLine Value="2894"/>
        <CursorPos X="1" Y="2911"/>
        <UsageCount Value="10"/>
      </Unit20>
      <Unit21>
        <Filename Value="..\..\..\..\..\..\..\..\..\Developer\lazarus\lcl\include\customform.inc"/>
        <WindowIndex Value="0"/>
        <TopLine Value="2821"/>
        <CursorPos X="1" Y="2838"/>
        <UsageCount Value="10"/>
      </Unit21>
      <Unit22>
        <Filename Value="..\..\..\..\..\..\..\..\..\Developer\lazarus\lcl\include\application.inc"/>
        <WindowIndex Value="0"/>
        <TopLine Value="2071"/>
        <CursorPos X="1" Y="2088"/>
        <UsageCount Value="10"/>
      </Unit22>
      <Unit23>
        <Filename Value="spina_types.pas"/>
        <IsPartOfProject Value="True"/>
        <UnitName Value="SPINA_Types"/>
        <EditorIndex Value="0"/>
        <WindowIndex Value="0"/>
        <TopLine Value="1"/>
        <CursorPos X="11" Y="31"/>
        <UsageCount Value="20"/>
        <Loaded Value="True"/>
      </Unit23>
    </Units>
    <JumpHistory Count="30" HistoryIndex="29">
      <Position1>
        <Filename Value="spina_userinterface.pas"/>
        <Caret Line="668" Column="1" TopLine="640"/>
      </Position1>
      <Position2>
        <Filename Value="spina_userinterface.pas"/>
        <Caret Line="669" Column="1" TopLine="641"/>
      </Position2>
      <Position3>
        <Filename Value="spina_userinterface.pas"/>
        <Caret Line="670" Column="1" TopLine="642"/>
      </Position3>
      <Position4>
        <Filename Value="spina_userinterface.pas"/>
        <Caret Line="671" Column="1" TopLine="643"/>
      </Position4>
      <Position5>
        <Filename Value="spina_userinterface.pas"/>
        <Caret Line="672" Column="1" TopLine="644"/>
      </Position5>
      <Position6>
        <Filename Value="spina_userinterface.pas"/>
        <Caret Line="673" Column="1" TopLine="645"/>
      </Position6>
      <Position7>
        <Filename Value="spina_userinterface.pas"/>
        <Caret Line="674" Column="1" TopLine="646"/>
      </Position7>
      <Position8>
        <Filename Value="spina_thyr.lpr"/>
        <Caret Line="45" Column="1" TopLine="25"/>
      </Position8>
      <Position9>
        <Filename Value="spina_thyr.lpr"/>
        <Caret Line="46" Column="1" TopLine="25"/>
      </Position9>
      <Position10>
        <Filename Value="spina_thyr.lpr"/>
        <Caret Line="47" Column="1" TopLine="25"/>
      </Position10>
      <Position11>
        <Filename Value="spina_thyr.lpr"/>
        <Caret Line="48" Column="1" TopLine="25"/>
      </Position11>
      <Position12>
        <Filename Value="spina_thyr.lpr"/>
        <Caret Line="49" Column="1" TopLine="25"/>
      </Position12>
      <Position13>
        <Filename Value="spina_thyr.lpr"/>
        <Caret Line="50" Column="1" TopLine="25"/>
      </Position13>
      <Position14>
        <Filename Value="spina_thyr.lpr"/>
        <Caret Line="51" Column="1" TopLine="25"/>
      </Position14>
      <Position15>
        <Filename Value="spina_thyr.lpr"/>
        <Caret Line="54" Column="1" TopLine="25"/>
      </Position15>
      <Position16>
        <Filename Value="spina_thyr.lpr"/>
        <Caret Line="55" Column="1" TopLine="25"/>
      </Position16>
      <Position17>
        <Filename Value="spina_thyr.lpr"/>
        <Caret Line="56" Column="1" TopLine="25"/>
      </Position17>
      <Position18>
        <Filename Value="spina_thyr.lpr"/>
        <Caret Line="57" Column="1" TopLine="25"/>
      </Position18>
      <Position19>
        <Filename Value="spina_thyr.lpr"/>
        <Caret Line="44" Column="1" TopLine="25"/>
      </Position19>
      <Position20>
        <Filename Value="spina_thyr.lpr"/>
        <Caret Line="45" Column="1" TopLine="25"/>
      </Position20>
      <Position21>
        <Filename Value="spina_thyr.lpr"/>
        <Caret Line="46" Column="1" TopLine="25"/>
      </Position21>
      <Position22>
        <Filename Value="spina_thyr.lpr"/>
        <Caret Line="47" Column="1" TopLine="25"/>
      </Position22>
      <Position23>
        <Filename Value="spina_thyr.lpr"/>
        <Caret Line="48" Column="1" TopLine="25"/>
      </Position23>
      <Position24>
        <Filename Value="spina_aboutbox.pas"/>
        <Caret Line="16" Column="43" TopLine="1"/>
      </Position24>
      <Position25>
        <Filename Value="spina_aboutbox.pas"/>
        <Caret Line="57" Column="101" TopLine="47"/>
      </Position25>
      <Position26>
        <Filename Value="spina_aboutbox.pas"/>
        <Caret Line="1" Column="1" TopLine="1"/>
      </Position26>
      <Position27>
        <Filename Value="spina_aboutbox.pas"/>
        <Caret Line="68" Column="58" TopLine="47"/>
      </Position27>
      <Position28>
        <Filename Value="spina_thyr.lpr"/>
        <Caret Line="51" Column="74" TopLine="25"/>
      </Position28>
      <Position29>
        <Filename Value="spina_thyr.lpr"/>
        <Caret Line="27" Column="40" TopLine="1"/>
      </Position29>
      <Position30>
        <Filename Value="spina_aboutbox.pas"/>
        <Caret Line="56" Column="3" TopLine="42"/>
      </Position30>
    </JumpHistory>
  </ProjectOptions>
  <CompilerOptions>
    <Version Value="9"/>
    <PathDelim Value="\"/>
    <Target>
      <Filename Value="SPINA Thyr"/>
    </Target>
    <Parsing>
      <SyntaxOptions>
        <CStyleOperator Value="False"/>
        <UseAnsiStrings Value="False"/>
      </SyntaxOptions>
    </Parsing>
    <CodeGeneration>
      <SmartLinkUnit Value="True"/>
    </CodeGeneration>
    <Linking>
      <LinkSmart Value="True"/>
      <Options>
        <Win32>
          <GraphicApplication Value="True"/>
        </Win32>
      </Options>
    </Linking>
    <Other>
      <CompilerMessages>
        <UseMsgFile Value="True"/>
      </CompilerMessages>
      <CustomOptions Value="-k-macosx_version_min -k10.4
-XR/Developer/SDKs/MacOSX10.4u.sdk/"/>
      <CompilerPath Value="$(CompPath)"/>
    </Other>
  </CompilerOptions>
  <Debugging>
    <Watches Count="22">
      <Item1>
        <Expression Value="gPrefsDir"/>
      </Item1>
      <Item2>
        <Expression Value="gPrefsFileName"/>
      </Item2>
      <Item3>
        <Expression Value="gPrefsFile"/>
      </Item3>
      <Item4>
        <Expression Value="gSysLanguage"/>
      </Item4>
      <Item5>
        <Expression Value="gSysLocale"/>
      </Item5>
      <Item6>
        <Expression Value="gUserName"/>
      </Item6>
      <Item7>
        <Expression Value="gRegion"/>
      </Item7>
      <Item8>
        <Expression Value="ADPI"/>
      </Item8>
      <Item9>
        <Expression Value="currentY"/>
      </Item9>
      <Item10>
        <Expression Value="marginX"/>
      </Item10>
      <Item11>
        <Expression Value="currentX"/>
      </Item11>
      <Item12>
        <Expression Value="H"/>
      </Item12>
      <Item13>
        <Expression Value="gResultString"/>
      </Item13>
      <Item14>
        <Expression Value="gResultDialogString1"/>
      </Item14>
      <Item15>
        <Expression Value="gResultDialogString2"/>
      </Item15>
      <Item16>
        <Expression Value="gMessageString"/>
      </Item16>
      <Item17>
        <Expression Value="theString"/>
      </Item17>
      <Item18>
        <Expression Value="resultLine"/>
      </Item18>
      <Item19>
        <Expression Value="returnPos"/>
      </Item19>
      <Item20>
        <Expression Value="DecimalSeparator"/>
      </Item20>
      <Item21>
        <Expression Value="gAppName"/>
      </Item21>
      <Item22>
        <Expression Value="gAppPath"/>
      </Item22>
    </Watches>
    <Exceptions Count="2">
      <Item1>
        <Name Value="ECodetoolError"/>
      </Item1>
      <Item2>
        <Name Value="EFOpenError"/>
      </Item2>
    </Exceptions>
  </Debugging>
</CONFIG>
